// !$*UTF8*$!
{
	archiveVersion = 1;
	classes = {
	};
	objectVersion = 55;
	objects = {

/* Begin PBXBuildFile section */
		E114782F282B670F00734A96 /* AppDelegate.swift in Sources */ = {isa = PBXBuildFile; fileRef = E114782E282B670F00734A96 /* AppDelegate.swift */; };
		E1147831282B670F00734A96 /* SceneDelegate.swift in Sources */ = {isa = PBXBuildFile; fileRef = E1147830282B670F00734A96 /* SceneDelegate.swift */; };
		E1147833282B670F00734A96 /* ViewController.swift in Sources */ = {isa = PBXBuildFile; fileRef = E1147832282B670F00734A96 /* ViewController.swift */; };
		E1147836282B670F00734A96 /* Main.storyboard in Resources */ = {isa = PBXBuildFile; fileRef = E1147834282B670F00734A96 /* Main.storyboard */; };
		E1147838282B671200734A96 /* Assets.xcassets in Resources */ = {isa = PBXBuildFile; fileRef = E1147837282B671200734A96 /* Assets.xcassets */; };
		E114783B282B671200734A96 /* LaunchScreen.storyboard in Resources */ = {isa = PBXBuildFile; fileRef = E1147839282B671200734A96 /* LaunchScreen.storyboard */; };
		E1147849282B811C00734A96 /* Hints.swift in Sources */ = {isa = PBXBuildFile; fileRef = E1147848282B811C00734A96 /* Hints.swift */; };
		E114784B282B95DD00734A96 /* Api.swift in Sources */ = {isa = PBXBuildFile; fileRef = E114784A282B95DD00734A96 /* Api.swift */; };
		E114784D282D101A00734A96 /* ResponseResult.swift in Sources */ = {isa = PBXBuildFile; fileRef = E114784C282D101A00734A96 /* ResponseResult.swift */; };
		E1147851282D2EFD00734A96 /* ResultViewContollerViewController.swift in Sources */ = {isa = PBXBuildFile; fileRef = E1147850282D2EFD00734A96 /* ResultViewContollerViewController.swift */; };
/* End PBXBuildFile section */

/* Begin PBXFileReference section */
		E114782B282B670F00734A96 /* JSON.app */ = {isa = PBXFileReference; explicitFileType = wrapper.application; includeInIndex = 0; path = JSON.app; sourceTree = BUILT_PRODUCTS_DIR; };
		E114782E282B670F00734A96 /* AppDelegate.swift */ = {isa = PBXFileReference; lastKnownFileType = sourcecode.swift; path = AppDelegate.swift; sourceTree = "<group>"; };
		E1147830282B670F00734A96 /* SceneDelegate.swift */ = {isa = PBXFileReference; lastKnownFileType = sourcecode.swift; path = SceneDelegate.swift; sourceTree = "<group>"; };
		E1147832282B670F00734A96 /* ViewController.swift */ = {isa = PBXFileReference; lastKnownFileType = sourcecode.swift; path = ViewController.swift; sourceTree = "<group>"; };
		E1147835282B670F00734A96 /* Base */ = {isa = PBXFileReference; lastKnownFileType = file.storyboard; name = Base; path = Base.lproj/Main.storyboard; sourceTree = "<group>"; };
		E1147837282B671200734A96 /* Assets.xcassets */ = {isa = PBXFileReference; lastKnownFileType = folder.assetcatalog; path = Assets.xcassets; sourceTree = "<group>"; };
		E114783A282B671200734A96 /* Base */ = {isa = PBXFileReference; lastKnownFileType = file.storyboard; name = Base; path = Base.lproj/LaunchScreen.storyboard; sourceTree = "<group>"; };
		E114783C282B671200734A96 /* Info.plist */ = {isa = PBXFileReference; lastKnownFileType = text.plist.xml; path = Info.plist; sourceTree = "<group>"; };
		E1147848282B811C00734A96 /* Hints.swift */ = {isa = PBXFileReference; lastKnownFileType = sourcecode.swift; path = Hints.swift; sourceTree = "<group>"; };
		E114784A282B95DD00734A96 /* Api.swift */ = {isa = PBXFileReference; lastKnownFileType = sourcecode.swift; path = Api.swift; sourceTree = "<group>"; };
		E114784C282D101A00734A96 /* ResponseResult.swift */ = {isa = PBXFileReference; lastKnownFileType = sourcecode.swift; path = ResponseResult.swift; sourceTree = "<group>"; };
		E1147850282D2EFD00734A96 /* ResultViewContollerViewController.swift */ = {isa = PBXFileReference; lastKnownFileType = sourcecode.swift; path = ResultViewContollerViewController.swift; sourceTree = "<group>"; };
/* End PBXFileReference section */

/* Begin PBXFrameworksBuildPhase section */
		E1147828282B670F00734A96 /* Frameworks */ = {
			isa = PBXFrameworksBuildPhase;
			buildActionMask = 2147483647;
			files = (
			);
			runOnlyForDeploymentPostprocessing = 0;
		};
/* End PBXFrameworksBuildPhase section */

/* Begin PBXGroup section */
		E1147822282B670F00734A96 = {
			isa = PBXGroup;
			children = (
				E114782D282B670F00734A96 /* JSON */,
				E114782C282B670F00734A96 /* Products */,
			);
			sourceTree = "<group>";
		};
		E114782C282B670F00734A96 /* Products */ = {
			isa = PBXGroup;
			children = (
				E114782B282B670F00734A96 /* JSON.app */,
			);
			name = Products;
			sourceTree = "<group>";
		};
		E114782D282B670F00734A96 /* JSON */ = {
			isa = PBXGroup;
			children = (
				E1147845282B678300734A96 /* Storyboards */,
				E1147843282B675000734A96 /* ViewControllers */,
				E1147846282B679800734A96 /* Models */,
				E1147847282B67A100734A96 /* Services */,
				E1147844282B676500734A96 /* Resourses */,
				E1147842282B673C00734A96 /* App */,
				E114783C282B671200734A96 /* Info.plist */,
			);
			path = JSON;
			sourceTree = "<group>";
		};
		E1147842282B673C00734A96 /* App */ = {
			isa = PBXGroup;
			children = (
				E114782E282B670F00734A96 /* AppDelegate.swift */,
				E1147830282B670F00734A96 /* SceneDelegate.swift */,
			);
			path = App;
			sourceTree = "<group>";
		};
		E1147843282B675000734A96 /* ViewControllers */ = {
			isa = PBXGroup;
			children = (
				E1147832282B670F00734A96 /* ViewController.swift */,
				E1147850282D2EFD00734A96 /* ResultViewContollerViewController.swift */,
			);
			path = ViewControllers;
			sourceTree = "<group>";
		};
		E1147844282B676500734A96 /* Resourses */ = {
			isa = PBXGroup;
			children = (
				E1147837282B671200734A96 /* Assets.xcassets */,
			);
			path = Resourses;
			sourceTree = "<group>";
		};
		E1147845282B678300734A96 /* Storyboards */ = {
			isa = PBXGroup;
			children = (
				E1147834282B670F00734A96 /* Main.storyboard */,
				E1147839282B671200734A96 /* LaunchScreen.storyboard */,
			);
			path = Storyboards;
			sourceTree = "<group>";
		};
		E1147846282B679800734A96 /* Models */ = {
			isa = PBXGroup;
			children = (
				E1147848282B811C00734A96 /* Hints.swift */,
				E114784C282D101A00734A96 /* ResponseResult.swift */,
			);
			path = Models;
			sourceTree = "<group>";
		};
		E1147847282B67A100734A96 /* Services */ = {
			isa = PBXGroup;
			children = (
				E114784A282B95DD00734A96 /* Api.swift */,
			);
			path = Services;
			sourceTree = "<group>";
		};
/* End PBXGroup section */

/* Begin PBXNativeTarget section */
		E114782A282B670F00734A96 /* JSON */ = {
			isa = PBXNativeTarget;
			buildConfigurationList = E114783F282B671200734A96 /* Build configuration list for PBXNativeTarget "JSON" */;
			buildPhases = (
				E1147827282B670F00734A96 /* Sources */,
				E1147828282B670F00734A96 /* Frameworks */,
				E1147829282B670F00734A96 /* Resources */,
			);
			buildRules = (
			);
			dependencies = (
			);
			name = JSON;
			productName = JSON;
			productReference = E114782B282B670F00734A96 /* JSON.app */;
			productType = "com.apple.product-type.application";
		};
/* End PBXNativeTarget section */

/* Begin PBXProject section */
		E1147823282B670F00734A96 /* Project object */ = {
			isa = PBXProject;
			attributes = {
				BuildIndependentTargetsInParallel = 1;
				LastSwiftUpdateCheck = 1320;
				LastUpgradeCheck = 1320;
				TargetAttributes = {
					E114782A282B670F00734A96 = {
						CreatedOnToolsVersion = 13.2.1;
					};
				};
			};
			buildConfigurationList = E1147826282B670F00734A96 /* Build configuration list for PBXProject "JSON" */;
			compatibilityVersion = "Xcode 13.0";
			developmentRegion = en;
			hasScannedForEncodings = 0;
			knownRegions = (
				en,
				Base,
			);
			mainGroup = E1147822282B670F00734A96;
			productRefGroup = E114782C282B670F00734A96 /* Products */;
			projectDirPath = "";
			projectRoot = "";
			targets = (
				E114782A282B670F00734A96 /* JSON */,
			);
		};
/* End PBXProject section */

/* Begin PBXResourcesBuildPhase section */
		E1147829282B670F00734A96 /* Resources */ = {
			isa = PBXResourcesBuildPhase;
			buildActionMask = 2147483647;
			files = (
				E114783B282B671200734A96 /* LaunchScreen.storyboard in Resources */,
				E1147838282B671200734A96 /* Assets.xcassets in Resources */,
				E1147836282B670F00734A96 /* Main.storyboard in Resources */,
			);
			runOnlyForDeploymentPostprocessing = 0;
		};
/* End PBXResourcesBuildPhase section */

/* Begin PBXSourcesBuildPhase section */
		E1147827282B670F00734A96 /* Sources */ = {
			isa = PBXSourcesBuildPhase;
			buildActionMask = 2147483647;
			files = (
				E1147849282B811C00734A96 /* Hints.swift in Sources */,
				E1147833282B670F00734A96 /* ViewController.swift in Sources */,
				E114782F282B670F00734A96 /* AppDelegate.swift in Sources */,
				E114784D282D101A00734A96 /* ResponseResult.swift in Sources */,
				E1147851282D2EFD00734A96 /* ResultViewContollerViewController.swift in Sources */,
				E114784B282B95DD00734A96 /* Api.swift in Sources */,
				E1147831282B670F00734A96 /* SceneDelegate.swift in Sources */,
			);
			runOnlyForDeploymentPostprocessing = 0;
		};
/* End PBXSourcesBuildPhase section */

/* Begin PBXVariantGroup section */
		E1147834282B670F00734A96 /* Main.storyboard */ = {
			isa = PBXVariantGroup;
			children = (
				E1147835282B670F00734A96 /* Base */,
			);
			name = Main.storyboard;
			sourceTree = "<group>";
		};
		E1147839282B671200734A96 /* LaunchScreen.storyboard */ = {
			isa = PBXVariantGroup;
			children = (
				E114783A282B671200734A96 /* Base */,
			);
			name = LaunchScreen.storyboard;
			sourceTree = "<group>";
		};
/* End PBXVariantGroup section */

/* Begin XCBuildConfiguration section */
		E114783D282B671200734A96 /* Debug */ = {
			isa = XCBuildConfiguration;
			buildSettings = {
				ALWAYS_SEARCH_USER_PATHS = NO;
				CLANG_ANALYZER_NONNULL = YES;
				CLANG_ANALYZER_NUMBER_OBJECT_CONVERSION = YES_AGGRESSIVE;
				CLANG_CXX_LANGUAGE_STANDARD = "gnu++17";
				CLANG_CXX_LIBRARY = "libc++";
				CLANG_ENABLE_MODULES = YES;
				CLANG_ENABLE_OBJC_ARC = YES;
				CLANG_ENABLE_OBJC_WEAK = YES;
				CLANG_WARN_BLOCK_CAPTURE_AUTORELEASING = YES;
				CLANG_WARN_BOOL_CONVERSION = YES;
				CLANG_WARN_COMMA = YES;
				CLANG_WARN_CONSTANT_CONVERSION = YES;
				CLANG_WARN_DEPRECATED_OBJC_IMPLEMENTATIONS = YES;
				CLANG_WARN_DIRECT_OBJC_ISA_USAGE = YES_ERROR;
				CLANG_WARN_DOCUMENTATION_COMMENTS = YES;
				CLANG_WARN_EMPTY_BODY = YES;
				CLANG_WARN_ENUM_CONVERSION = YES;
				CLANG_WARN_INFINITE_RECURSION = YES;
				CLANG_WARN_INT_CONVERSION = YES;
				CLANG_WARN_NON_LITERAL_NULL_CONVERSION = YES;
				CLANG_WARN_OBJC_IMPLICIT_RETAIN_SELF = YES;
				CLANG_WARN_OBJC_LITERAL_CONVERSION = YES;
				CLANG_WARN_OBJC_ROOT_CLASS = YES_ERROR;
				CLANG_WARN_QUOTED_INCLUDE_IN_FRAMEWORK_HEADER = YES;
				CLANG_WARN_RANGE_LOOP_ANALYSIS = YES;
				CLANG_WARN_STRICT_PROTOTYPES = YES;
				CLANG_WARN_SUSPICIOUS_MOVE = YES;
				CLANG_WARN_UNGUARDED_AVAILABILITY = YES_AGGRESSIVE;
				CLANG_WARN_UNREACHABLE_CODE = YES;
				CLANG_WARN__DUPLICATE_METHOD_MATCH = YES;
				COPY_PHASE_STRIP = NO;
				DEBUG_INFORMATION_FORMAT = dwarf;
				ENABLE_STRICT_OBJC_MSGSEND = YES;
				ENABLE_TESTABILITY = YES;
				GCC_C_LANGUAGE_STANDARD = gnu11;
				GCC_DYNAMIC_NO_PIC = NO;
				GCC_NO_COMMON_BLOCKS = YES;
				GCC_OPTIMIZATION_LEVEL = 0;
				GCC_PREPROCESSOR_DEFINITIONS = (
					"DEBUG=1",
					"$(inherited)",
				);
				GCC_WARN_64_TO_32_BIT_CONVERSION = YES;
				GCC_WARN_ABOUT_RETURN_TYPE = YES_ERROR;
				GCC_WARN_UNDECLARED_SELECTOR = YES;
				GCC_WARN_UNINITIALIZED_AUTOS = YES_AGGRESSIVE;
				GCC_WARN_UNUSED_FUNCTION = YES;
				GCC_WARN_UNUSED_VARIABLE = YES;
				IPHONEOS_DEPLOYMENT_TARGET = 15.2;
				MTL_ENABLE_DEBUG_INFO = INCLUDE_SOURCE;
				MTL_FAST_MATH = YES;
				ONLY_ACTIVE_ARCH = YES;
				SDKROOT = iphoneos;
				SWIFT_ACTIVE_COMPILATION_CONDITIONS = DEBUG;
				SWIFT_OPTIMIZATION_LEVEL = "-Onone";
			};
			name = Debug;
		};
		E114783E282B671200734A96 /* Release */ = {
			isa = XCBuildConfiguration;
			buildSettings = {
				ALWAYS_SEARCH_USER_PATHS = NO;
				CLANG_ANALYZER_NONNULL = YES;
				CLANG_ANALYZER_NUMBER_OBJECT_CONVERSION = YES_AGGRESSIVE;
				CLANG_CXX_LANGUAGE_STANDARD = "gnu++17";
				CLANG_CXX_LIBRARY = "libc++";
				CLANG_ENABLE_MODULES = YES;
				CLANG_ENABLE_OBJC_ARC = YES;
				CLANG_ENABLE_OBJC_WEAK = YES;
				CLANG_WARN_BLOCK_CAPTURE_AUTORELEASING = YES;
				CLANG_WARN_BOOL_CONVERSION = YES;
				CLANG_WARN_COMMA = YES;
				CLANG_WARN_CONSTANT_CONVERSION = YES;
				CLANG_WARN_DEPRECATED_OBJC_IMPLEMENTATIONS = YES;
				CLANG_WARN_DIRECT_OBJC_ISA_USAGE = YES_ERROR;
				CLANG_WARN_DOCUMENTATION_COMMENTS = YES;
				CLANG_WARN_EMPTY_BODY = YES;
				CLANG_WARN_ENUM_CONVERSION = YES;
				CLANG_WARN_INFINITE_RECURSION = YES;
				CLANG_WARN_INT_CONVERSION = YES;
				CLANG_WARN_NON_LITERAL_NULL_CONVERSION = YES;
				CLANG_WARN_OBJC_IMPLICIT_RETAIN_SELF = YES;
				CLANG_WARN_OBJC_LITERAL_CONVERSION = YES;
				CLANG_WARN_OBJC_ROOT_CLASS = YES_ERROR;
				CLANG_WARN_QUOTED_INCLUDE_IN_FRAMEWORK_HEADER = YES;
				CLANG_WARN_RANGE_LOOP_ANALYSIS = YES;
				CLANG_WARN_STRICT_PROTOTYPES = YES;
				CLANG_WARN_SUSPICIOUS_MOVE = YES;
				CLANG_WARN_UNGUARDED_AVAILABILITY = YES_AGGRESSIVE;
				CLANG_WARN_UNREACHABLE_CODE = YES;
				CLANG_WARN__DUPLICATE_METHOD_MATCH = YES;
				COPY_PHASE_STRIP = NO;
				DEBUG_INFORMATION_FORMAT = "dwarf-with-dsym";
				ENABLE_NS_ASSERTIONS = NO;
				ENABLE_STRICT_OBJC_MSGSEND = YES;
				GCC_C_LANGUAGE_STANDARD = gnu11;
				GCC_NO_COMMON_BLOCKS = YES;
				GCC_WARN_64_TO_32_BIT_CONVERSION = YES;
				GCC_WARN_ABOUT_RETURN_TYPE = YES_ERROR;
				GCC_WARN_UNDECLARED_SELECTOR = YES;
				GCC_WARN_UNINITIALIZED_AUTOS = YES_AGGRESSIVE;
				GCC_WARN_UNUSED_FUNCTION = YES;
				GCC_WARN_UNUSED_VARIABLE = YES;
				IPHONEOS_DEPLOYMENT_TARGET = 15.2;
				MTL_ENABLE_DEBUG_INFO = NO;
				MTL_FAST_MATH = YES;
				SDKROOT = iphoneos;
				SWIFT_COMPILATION_MODE = wholemodule;
				SWIFT_OPTIMIZATION_LEVEL = "-O";
				VALIDATE_PRODUCT = YES;
			};
			name = Release;
		};
		E1147840282B671200734A96 /* Debug */ = {
			isa = XCBuildConfiguration;
			buildSettings = {
				ASSETCATALOG_COMPILER_APPICON_NAME = AppIcon;
				ASSETCATALOG_COMPILER_GLOBAL_ACCENT_COLOR_NAME = AccentColor;
				CODE_SIGN_STYLE = Automatic;
				CURRENT_PROJECT_VERSION = 1;
				DEVELOPMENT_TEAM = HRYLC3C7SK;
				GENERATE_INFOPLIST_FILE = YES;
				INFOPLIST_FILE = JSON/Info.plist;
				INFOPLIST_KEY_UIApplicationSupportsIndirectInputEvents = YES;
				INFOPLIST_KEY_UILaunchStoryboardName = LaunchScreen;
				INFOPLIST_KEY_UIMainStoryboardFile = Main;
				INFOPLIST_KEY_UISupportedInterfaceOrientations_iPad = "UIInterfaceOrientationPortrait UIInterfaceOrientationPortraitUpsideDown UIInterfaceOrientationLandscapeLeft UIInterfaceOrientationLandscapeRight";
				INFOPLIST_KEY_UISupportedInterfaceOrientations_iPhone = "UIInterfaceOrientationPortrait UIInterfaceOrientationLandscapeLeft UIInterfaceOrientationLandscapeRight";
				LD_RUNPATH_SEARCH_PATHS = (
					"$(inherited)",
					"@executable_path/Frameworks",
				);
				MARKETING_VERSION = 1.0;
				PRODUCT_BUNDLE_IDENTIFIER = "ru.bezborodov-pavel.JSON";
				PRODUCT_NAME = "$(TARGET_NAME)";
				SWIFT_EMIT_LOC_STRINGS = YES;
				SWIFT_VERSION = 5.0;
				TARGETED_DEVICE_FAMILY = "1,2";
			};
			name = Debug;
		};
		E1147841282B671200734A96 /* Release */ = {
			isa = XCBuildConfiguration;
			buildSettings = {
				ASSETCATALOG_COMPILER_APPICON_NAME = AppIcon;
				ASSETCATALOG_COMPILER_GLOBAL_ACCENT_COLOR_NAME = AccentColor;
				CODE_SIGN_STYLE = Automatic;
				CURRENT_PROJECT_VERSION = 1;
				DEVELOPMENT_TEAM = HRYLC3C7SK;
				GENERATE_INFOPLIST_FILE = YES;
				INFOPLIST_FILE = JSON/Info.plist;
				INFOPLIST_KEY_UIApplicationSupportsIndirectInputEvents = YES;
				INFOPLIST_KEY_UILaunchStoryboardName = LaunchScreen;
				INFOPLIST_KEY_UIMainStoryboardFile = Main;
				INFOPLIST_KEY_UISupportedInterfaceOrientations_iPad = "UIInterfaceOrientationPortrait UIInterfaceOrientationPortraitUpsideDown UIInterfaceOrientationLandscapeLeft UIInterfaceOrientationLandscapeRight";
				INFOPLIST_KEY_UISupportedInterfaceOrientations_iPhone = "UIInterfaceOrientationPortrait UIInterfaceOrientationLandscapeLeft UIInterfaceOrientationLandscapeRight";
				LD_RUNPATH_SEARCH_PATHS = (
					"$(inherited)",
					"@executable_path/Frameworks",
				);
				MARKETING_VERSION = 1.0;
				PRODUCT_BUNDLE_IDENTIFIER = "ru.bezborodov-pavel.JSON";
				PRODUCT_NAME = "$(TARGET_NAME)";
				SWIFT_EMIT_LOC_STRINGS = YES;
				SWIFT_VERSION = 5.0;
				TARGETED_DEVICE_FAMILY = "1,2";
			};
			name = Release;
		};
/* End XCBuildConfiguration section */

/* Begin XCConfigurationList section */
		E1147826282B670F00734A96 /* Build configuration list for PBXProject "JSON" */ = {
			isa = XCConfigurationList;
			buildConfigurations = (
				E114783D282B671200734A96 /* Debug */,
				E114783E282B671200734A96 /* Release */,
			);
			defaultConfigurationIsVisible = 0;
			defaultConfigurationName = Release;
		};
		E114783F282B671200734A96 /* Build configuration list for PBXNativeTarget "JSON" */ = {
			isa = XCConfigurationList;
			buildConfigurations = (
				E1147840282B671200734A96 /* Debug */,
				E1147841282B671200734A96 /* Release */,
			);
			defaultConfigurationIsVisible = 0;
			defaultConfigurationName = Release;
		};
/* End XCConfigurationList section */
	};
	rootObject = E1147823282B670F00734A96 /* Project object */;
}
